
Microsoft Visual Studio Solution File, Format Version 12.00
# Visual Studio 15
VisualStudioVersion = 15.0.27130.0
MinimumVisualStudioVersion = 10.0.40219.1
Project("{FAE04EC0-301F-11D3-BF4B-00C04F79EFBC}") = "WzajemneWykluczanie", "WzajemneWykluczanie\WzajemneWykluczanie.csproj", "{E4D3F81A-65AB-4CC4-8147-5D740B8C17A4}"
EndProject
Global
	GlobalSection(SolutionConfigurationPlatforms) = preSolution
		Debug|Any CPU = Debug|Any CPU
		Release|Any CPU = Release|Any CPU
	EndGlobalSection
	GlobalSection(ProjectConfigurationPlatforms) = postSolution
		{E4D3F81A-65AB-4CC4-8147-5D740B8C17A4}.Debug|Any CPU.ActiveCfg = Debug|Any CPU
		{E4D3F81A-65AB-4CC4-8147-5D740B8C17A4}.Debug|Any CPU.Build.0 = Debug|Any CPU
		{E4D3F81A-65AB-4CC4-8147-5D740B8C17A4}.Release|Any CPU.ActiveCfg = Release|Any CPU
		{E4D3F81A-65AB-4CC4-8147-5D740B8C17A4}.Release|Any CPU.Build.0 = Release|Any CPU
	EndGlobalSection
	GlobalSection(SolutionProperties) = preSolution
		HideSolutionNode = FALSE
	EndGlobalSection
	GlobalSection(ExtensibilityGlobals) = postSolution
		SolutionGuid = {4A9553EF-FB11-458B-8B43-83F9049CA20D}
	EndGlobalSection
EndGlobal
